{
  "version": "4",
  "specifiers": {
    "jsr:@std/crypto@^1.0.4": "1.0.4",
    "jsr:@std/encoding@^1.0.7": "1.0.7",
    "jsr:@std/media-types@^1.1.0": "1.1.0",
    "jsr:@std/path@^1.0.8": "1.0.8",
    "npm:node-poppler@^7.2.4": "7.2.4"
  },
  "jsr": {
    "@std/crypto@1.0.4": {
      "integrity": "cee245c453bd5366207f4d8aa25ea3e9c86cecad2be3fefcaa6cb17203d79340"
    },
    "@std/encoding@1.0.7": {
      "integrity": "f631247c1698fef289f2de9e2a33d571e46133b38d042905e3eac3715030a82d"
    },
    "@std/media-types@1.1.0": {
      "integrity": "c9d093f0c05c3512932b330e3cc1fe1d627b301db33a4c2c2185c02471d6eaa4"
    },
    "@std/path@1.0.8": {
      "integrity": "548fa456bb6a04d3c1a1e7477986b6cffbce95102d0bb447c67c4ee70e0364be"
    }
  },
  "npm": {
    "camelcase@6.3.0": {
      "integrity": "sha512-Gmy6FhYlCY7uOElZUSbxo2UCDH8owEk996gkbrpsgGtrJLM3J7jGxl9Ic7Qwwj4ivOE5AWZWRMecDdF7hqGjFA=="
    },
    "node-poppler@7.2.4": {
      "integrity": "sha512-+YvPbEQ2uxsUVBXDIZiUEu0C3wMOo37D+cIqzWu5gZra3p6MHhBFJtZ/2slzj+5QPmWcHd9SAEjXk2ogBSHg9Q==",
      "dependencies": [
        "camelcase",
        "semver"
      ]
    },
    "semver@7.7.1": {
      "integrity": "sha512-hlq8tAfn0m/61p4BVRcPzIGr6LKiMwo4VM6dGi6pt4qcRkmNzTcWq6eCEjEh+qXjkMDvPlOFFSGwQjoEa6gyMA=="
    }
  },
  "workspace": {
    "dependencies": [
      "jsr:@std/crypto@^1.0.4",
      "jsr:@std/encoding@^1.0.7",
      "jsr:@std/media-types@^1.1.0",
      "jsr:@std/path@^1.0.8",
      "npm:node-poppler@^7.2.4"
    ]
  }
}
